{
  "platform": {
    "version": "0.9.0"
  },
  "entries": [
    {
      "name": "Osysharp.Charts",
      "kind": "package",
      "version": "1.2.0",
      "hash": "sha256:44fbf3d02d4829d4bd99d6429818bba72ab9ce3d010e5df048c107bb226d1858",
      "minPlatform": "0.9.0",
      "shadow": "app-forkable",
      "source": "workspace:kits/chart",
      "constraint": "1"
    },
    {
      "name": "Osysharp.Ui",
      "kind": "package",
      "version": "2.20.0",
      "hash": "sha256:99ac01620eff0ad8c46fc57e2d4c43eb320145b90af1c8556cab4cf6288dc98e",
      "minPlatform": "0.9.0",
      "shadow": "app-forkable",
      "source": "workspace:Platform.Core/Dsl/OsySharp/Baseline/Capabilities/Ui"
    },
    {
      "name": "Osysharp.Ui.Looks",
      "kind": "package",
      "version": "0.2.0",
      "hash": "sha256:4eee08ea52c992398d29abb9c66cfcf4d53a8cd6714fdba93c9d5c20ea3e077b",
      "minPlatform": "0.9.0",
      "shadow": "app-forkable",
      "source": "workspace:kits/ui-looks",
      "constraint": "0"
    }
  ],
  "bridges": {
    "searched": [
      "workspace",
      "platform",
      "github (the published index, built 2026-10-10 (GitHub\u0027s search answered 403 Forbidden))"
    ]
  }
}