{
  "platform": {
    "version": "0.9.0"
  },
  "entries": [
    {
      "name": "Osysharp.Charts",
      "kind": "package",
      "version": "1.1.2",
      "hash": "sha256:ceaec472d30d647b2d0fa091a3f009d4d7537bc9099e5b0e73c27eacdc574d18",
      "minPlatform": "0.9.0",
      "shadow": "app-forkable",
      "source": "workspace:kits/chart",
      "constraint": "1"
    },
    {
      "name": "Osysharp.Ui",
      "kind": "package",
      "version": "2.19.0",
      "hash": "sha256:e6bd3827545a764c5de31da34609c317c76778531a4de4864b670ca3530b5ca4",
      "minPlatform": "0.9.0",
      "shadow": "app-forkable",
      "source": "workspace:Platform.Core/Dsl/OsySharp/Baseline/Capabilities/Ui"
    },
    {
      "name": "Osysharp.Ui.Looks",
      "kind": "package",
      "version": "0.1.0",
      "hash": "sha256:dac70594471fb49bb8c6d647b946bc60757d71467eb8a28d65d02dd38baea454",
      "minPlatform": "0.9.0",
      "shadow": "app-forkable",
      "source": "workspace:kits/ui-looks",
      "constraint": "0"
    }
  ],
  "bridges": {
    "searched": [
      "workspace",
      "platform",
      "github"
    ]
  }
}