{
  "platform": {
    "version": "0.9.0"
  },
  "entries": [
    {
      "name": "Osysharp.Observability",
      "kind": "package",
      "version": "1.0.0",
      "hash": "sha256:aba8df0c3a7c56cfa752ad731283a5559ba21e6b04909ce580778518fe2f7196",
      "minPlatform": "0.9.0",
      "shadow": "app-forkable",
      "source": "workspace:Platform.Core/Dsl/OsySharp/Baseline/Capabilities/Observability"
    },
    {
      "name": "Osysharp.Ui",
      "kind": "package",
      "version": "2.18.0",
      "hash": "sha256:deccf5a06701c6af9cd880108de9426376c878130251be73adf1210cce94605b",
      "minPlatform": "0.9.0",
      "shadow": "app-forkable",
      "source": "workspace:Platform.Core/Dsl/OsySharp/Baseline/Capabilities/Ui"
    }
  ],
  "bridges": {
    "searched": [
      "workspace",
      "platform"
    ],
    "skipped": [
      "github: offline \u2014 the public catalog was not searched for bridges. Run \u0060osy lock\u0060 with a network to look."
    ]
  }
}